# THIS IS AN AUTOGENERATED FILE. DO NOT EDIT THIS FILE DIRECTLY.
# yarn lockfile v1


"@bufbuild/connect-node@^0.10.0":
  version "0.10.1"
  resolved "https://registry.npmjs.org/@bufbuild/connect-node/-/connect-node-0.10.1.tgz"
  integrity sha512-l70tmks+txIzggO+kPkaOQmAapiBavK3rqTGsUTIlwk2nuuq8dUCIBnhbRxgZlyF67pNA1FTzoOucv/A3RteGA==
  dependencies:
    "@bufbuild/connect" "0.10.1"
    headers-polyfill "^3.1.2"

"@bufbuild/connect@^0.10.0", "@bufbuild/connect@0.10.1":
  version "0.10.1"
  resolved "https://registry.npmjs.org/@bufbuild/connect/-/connect-0.10.1.tgz"
  integrity sha512-rqdZakAdajdSnRO342K7S3gZnUPMYXF2JsUDMA4vpR34SYdWYXiL2mclUMTaUk+EfLK04ulyejNaFAc0e5o8Qw==

"@bufbuild/protobuf@^1.2.1":
  version "1.10.1"
  resolved "https://registry.npmjs.org/@bufbuild/protobuf/-/protobuf-1.10.1.tgz"
  integrity sha512-wJ8ReQbHxsAfXhrf9ixl0aYbZorRuOWpBNzm8pL8ftmSxQx/wnJD5Eg861NwJU/czy2VXFIebCeZnZrI9rktIQ==

"@google/generative-ai@^0.24.1":
  version "0.24.1"
  resolved "https://registry.npmjs.org/@google/generative-ai/-/generative-ai-0.24.1.tgz"
  integrity sha512-MqO+MLfM6kjxcKoy0p1wRzG3b4ZZXtPI+z2IE26UogS2Cm/XHO+7gGRBh6gcJsOiIVoH93UwKvW4HdgiOZCy9Q==

"@qdrant/js-client-grpc@1.15.1":
  version "1.15.1"
  resolved "https://registry.npmjs.org/@qdrant/js-client-grpc/-/js-client-grpc-1.15.1.tgz"
  integrity sha512-r0THWNDIyWMwcly4PRouX2UwTPcPcTyyNrPG1mgIuWZ9iNaTZntsPB5rQ0GX5fyjW77Jjy8Aa8U8TQu6F7HU4A==
  dependencies:
    "@bufbuild/connect" "^0.10.0"
    "@bufbuild/connect-node" "^0.10.0"
    "@bufbuild/protobuf" "^1.2.1"

"@qdrant/js-client-rest@1.15.1":
  version "1.15.1"
  resolved "https://registry.npmjs.org/@qdrant/js-client-rest/-/js-client-rest-1.15.1.tgz"
  integrity sha512-FAPMz6Z7RFj9vUun8R9e8SYcX6EkZtdfYfnh5lFXWcjEaat9q/jce1baAJCWAr3k8yHh62HpzCRYOatLVII28g==
  dependencies:
    "@qdrant/openapi-typescript-fetch" "1.2.6"
    "@sevinf/maybe" "0.5.0"
    undici "^6.0.0"

"@qdrant/openapi-typescript-fetch@1.2.6":
  version "1.2.6"
  resolved "https://registry.npmjs.org/@qdrant/openapi-typescript-fetch/-/openapi-typescript-fetch-1.2.6.tgz"
  integrity sha512-oQG/FejNpItrxRHoyctYvT3rwGZOnK4jr3JdppO/c78ktDvkWiPXPHNsrDf33K9sZdRb6PR7gi4noIapu5q4HA==

"@qdrant/qdrant-js@^1.15.1":
  version "1.15.1"
  resolved "https://registry.npmjs.org/@qdrant/qdrant-js/-/qdrant-js-1.15.1.tgz"
  integrity sha512-mrqZU5XQE13tKKAZHlMeEMZCoa76HerhakASrsLIJrHWkupB5Q6ONVm7QtNn9xP+DUKi6JTIvWmGzrTwCQhYDg==
  dependencies:
    "@qdrant/js-client-grpc" "1.15.1"
    "@qdrant/js-client-rest" "1.15.1"

"@sevinf/maybe@0.5.0":
  version "0.5.0"
  resolved "https://registry.npmjs.org/@sevinf/maybe/-/maybe-0.5.0.tgz"
  integrity sha512-ARhyoYDnY1LES3vYI0fiG6e9esWfTNcXcO6+MPJJXcnyMV3bim4lnFt45VXouV7y82F4x3YH8nOQ6VztuvUiWg==

headers-polyfill@^3.1.2:
  version "3.3.0"
  resolved "https://registry.npmjs.org/headers-polyfill/-/headers-polyfill-3.3.0.tgz"
  integrity sha512-5e57etwBpNcDc0b6KCVWEh/Ro063OxPvzVimUdM0/tsYM/T7Hfy3kknIGj78SFTOhNd8AZY41U8mOHoO4LzmIQ==

typescript@>=4.1, typescript@>=4.7:
  version "5.9.3"
  resolved "https://registry.npmjs.org/typescript/-/typescript-5.9.3.tgz"
  integrity sha512-jl1vZzPDinLr9eUt3J/t7V6FgNEw9QjvBPdysz9KfQDD41fQrC2Y4vKQdiaUpFT4bXlb1RHhLpp8wtm6M5TgSw==

undici@^6.0.0:
  version "6.22.0"
  resolved "https://registry.npmjs.org/undici/-/undici-6.22.0.tgz"
  integrity sha512-hU/10obOIu62MGYjdskASR3CUAiYaFTtC9Pa6vHyf//mAipSvSQg6od2CnJswq7fvzNS3zJhxoRkgNVaHurWKw==
